
Microsoft Visual Studio Solution File, Format Version 12.00
# Visual Studio Version 17
VisualStudioVersion = 17.0.31903.59
MinimumVisualStudioVersion = 10.0.40219.1
Project("{FAE04EC0-301F-11D3-BF4B-00C04F79EFBC}") = "MyLinks.API", "MyLinks.API\MyLinks.API.csproj", "{1F96B182-CCC0-4A0F-A429-9043AC083401}"
EndProject
Project("{FAE04EC0-301F-11D3-BF4B-00C04F79EFBC}") = "MyLinks.Domain", "MyLinks.Domain\MyLinks.Domain.csproj", "{28B87EF8-B840-456A-BDD1-46FC059A0BD1}"
EndProject
Project("{FAE04EC0-301F-11D3-BF4B-00C04F79EFBC}") = "MyLinks.Repository", "MyLinks.Repository\MyLinks.Repository.csproj", "{33A9BDAC-C828-44E5-9EB9-6A6163D9F2FD}"
EndProject
Global
	GlobalSection(SolutionConfigurationPlatforms) = preSolution
		Debug|Any CPU = Debug|Any CPU
		Release|Any CPU = Release|Any CPU
	EndGlobalSection
	GlobalSection(SolutionProperties) = preSolution
		HideSolutionNode = FALSE
	EndGlobalSection
	GlobalSection(ProjectConfigurationPlatforms) = postSolution
		{1F96B182-CCC0-4A0F-A429-9043AC083401}.Debug|Any CPU.ActiveCfg = Debug|Any CPU
		{1F96B182-CCC0-4A0F-A429-9043AC083401}.Debug|Any CPU.Build.0 = Debug|Any CPU
		{1F96B182-CCC0-4A0F-A429-9043AC083401}.Release|Any CPU.ActiveCfg = Release|Any CPU
		{1F96B182-CCC0-4A0F-A429-9043AC083401}.Release|Any CPU.Build.0 = Release|Any CPU
		{28B87EF8-B840-456A-BDD1-46FC059A0BD1}.Debug|Any CPU.ActiveCfg = Debug|Any CPU
		{28B87EF8-B840-456A-BDD1-46FC059A0BD1}.Debug|Any CPU.Build.0 = Debug|Any CPU
		{28B87EF8-B840-456A-BDD1-46FC059A0BD1}.Release|Any CPU.ActiveCfg = Release|Any CPU
		{28B87EF8-B840-456A-BDD1-46FC059A0BD1}.Release|Any CPU.Build.0 = Release|Any CPU
		{33A9BDAC-C828-44E5-9EB9-6A6163D9F2FD}.Debug|Any CPU.ActiveCfg = Debug|Any CPU
		{33A9BDAC-C828-44E5-9EB9-6A6163D9F2FD}.Debug|Any CPU.Build.0 = Debug|Any CPU
		{33A9BDAC-C828-44E5-9EB9-6A6163D9F2FD}.Release|Any CPU.ActiveCfg = Release|Any CPU
		{33A9BDAC-C828-44E5-9EB9-6A6163D9F2FD}.Release|Any CPU.Build.0 = Release|Any CPU
	EndGlobalSection
EndGlobal
